
Microsoft Visual Studio Solution File, Format Version 12.00
# Visual Studio Version 17
VisualStudioVersion = 17.4.33122.133
MinimumVisualStudioVersion = 10.0.40219.1
Project("{2150E333-8FDC-42A3-9474-1A3956D46DE8}") = "build", "build", "{974528A9-2CDE-4BA1-B625-0B2F795E1E9A}"
	ProjectSection(SolutionItems) = preProject
		build\00-common.linq = build\00-common.linq
		build\01-build-native.linq = build\01-build-native.linq
		build\02-build-packages.linq = build\02-build-packages.linq
		build\03-publish-proget-nuget.linq = build\03-publish-proget-nuget.linq
		build\04-parse-code.linq = build\04-parse-code.linq
		build\icon.png = build\icon.png
		build\Sdcb.Arithmetic.Gmp.runtime.nuspec = build\Sdcb.Arithmetic.Gmp.runtime.nuspec
		build\Sdcb.Arithmetic.Gmp.runtime.props = build\Sdcb.Arithmetic.Gmp.runtime.props
	EndProjectSection
EndProject
Project("{9A19103F-16F7-4668-BE54-9A1E7A4F7556}") = "Sdcb.Arithmetic.Gmp", "Sdcb.Arithmetic.Gmp\Sdcb.Arithmetic.Gmp.csproj", "{3A6347EB-FDBF-4DAD-B561-D4233E26F693}"
EndProject
Project("{9A19103F-16F7-4668-BE54-9A1E7A4F7556}") = "Sdcb.Arithmetic.Gmp.Tests", "Sdcb.Arithmetic.Gmp.Tests\Sdcb.Arithmetic.Gmp.Tests.csproj", "{515B07FA-525D-4722-A5BC-9A44B0C69475}"
EndProject
Project("{2150E333-8FDC-42A3-9474-1A3956D46DE8}") = "解决方案项", "解决方案项", "{0D3F83AC-A1AE-49C6-87A7-8FEB8A416990}"
	ProjectSection(SolutionItems) = preProject
		README.md = README.md
	EndProjectSection
EndProject
Project("{9A19103F-16F7-4668-BE54-9A1E7A4F7556}") = "Sdcb.Arithmetic.Mpfr", "Sdcb.Arithmetic.Mpfr\Sdcb.Arithmetic.Mpfr.csproj", "{81B70A39-36EE-4A51-B89A-3B685A3B5E0C}"
EndProject
Project("{9A19103F-16F7-4668-BE54-9A1E7A4F7556}") = "Sdcb.Arithmetic.Mpfr.Tests", "Sdcb.Arithmetic.Mpfr.Tests\Sdcb.Arithmetic.Mpfr.Tests.csproj", "{6BEB1651-ED6A-4D7E-B1C1-CF2F06B41DBF}"
EndProject
Global
	GlobalSection(SolutionConfigurationPlatforms) = preSolution
		Debug|Any CPU = Debug|Any CPU
		Release|Any CPU = Release|Any CPU
	EndGlobalSection
	GlobalSection(ProjectConfigurationPlatforms) = postSolution
		{3A6347EB-FDBF-4DAD-B561-D4233E26F693}.Debug|Any CPU.ActiveCfg = Debug|Any CPU
		{3A6347EB-FDBF-4DAD-B561-D4233E26F693}.Debug|Any CPU.Build.0 = Debug|Any CPU
		{3A6347EB-FDBF-4DAD-B561-D4233E26F693}.Release|Any CPU.ActiveCfg = Release|Any CPU
		{3A6347EB-FDBF-4DAD-B561-D4233E26F693}.Release|Any CPU.Build.0 = Release|Any CPU
		{515B07FA-525D-4722-A5BC-9A44B0C69475}.Debug|Any CPU.ActiveCfg = Debug|Any CPU
		{515B07FA-525D-4722-A5BC-9A44B0C69475}.Debug|Any CPU.Build.0 = Debug|Any CPU
		{515B07FA-525D-4722-A5BC-9A44B0C69475}.Release|Any CPU.ActiveCfg = Release|Any CPU
		{515B07FA-525D-4722-A5BC-9A44B0C69475}.Release|Any CPU.Build.0 = Release|Any CPU
		{81B70A39-36EE-4A51-B89A-3B685A3B5E0C}.Debug|Any CPU.ActiveCfg = Debug|Any CPU
		{81B70A39-36EE-4A51-B89A-3B685A3B5E0C}.Debug|Any CPU.Build.0 = Debug|Any CPU
		{81B70A39-36EE-4A51-B89A-3B685A3B5E0C}.Release|Any CPU.ActiveCfg = Release|Any CPU
		{81B70A39-36EE-4A51-B89A-3B685A3B5E0C}.Release|Any CPU.Build.0 = Release|Any CPU
		{6BEB1651-ED6A-4D7E-B1C1-CF2F06B41DBF}.Debug|Any CPU.ActiveCfg = Debug|Any CPU
		{6BEB1651-ED6A-4D7E-B1C1-CF2F06B41DBF}.Debug|Any CPU.Build.0 = Debug|Any CPU
		{6BEB1651-ED6A-4D7E-B1C1-CF2F06B41DBF}.Release|Any CPU.ActiveCfg = Release|Any CPU
		{6BEB1651-ED6A-4D7E-B1C1-CF2F06B41DBF}.Release|Any CPU.Build.0 = Release|Any CPU
	EndGlobalSection
	GlobalSection(SolutionProperties) = preSolution
		HideSolutionNode = FALSE
	EndGlobalSection
	GlobalSection(ExtensibilityGlobals) = postSolution
		SolutionGuid = {17931345-34F0-47DF-A81E-2606AA10164D}
	EndGlobalSection
EndGlobal
