
Microsoft Visual Studio Solution File, Format Version 12.00
# Visual Studio Version 17
VisualStudioVersion = 17.4.33122.133
MinimumVisualStudioVersion = 10.0.40219.1
Project("{2150E333-8FDC-42A3-9474-1A3956D46DE8}") = "build", "build", "{974528A9-2CDE-4BA1-B625-0B2F795E1E9A}"
	ProjectSection(SolutionItems) = preProject
		build\00-common.linq = build\00-common.linq
		build\01-build-native.linq = build\01-build-native.linq
		build\01-download-artifacts.linq = build\01-download-artifacts.linq
		build\02-build-packages.linq = build\02-build-packages.linq
		build\03-publish-proget-nuget.linq = build\03-publish-proget-nuget.linq
		build\04-chatgpt-parse-code.linq = build\04-chatgpt-parse-code.linq
		build\05-fast-parse-code.linq = build\05-fast-parse-code.linq
		build\icon.png = build\icon.png
		build\Sdcb.Arithmetic.Gmp.runtime.nuspec = build\Sdcb.Arithmetic.Gmp.runtime.nuspec
		build\Sdcb.Arithmetic.Gmp.runtime.props = build\Sdcb.Arithmetic.Gmp.runtime.props
	EndProjectSection
EndProject
Project("{2150E333-8FDC-42A3-9474-1A3956D46DE8}") = "解决方案项", "解决方案项", "{0D3F83AC-A1AE-49C6-87A7-8FEB8A416990}"
	ProjectSection(SolutionItems) = preProject
		.gitignore = .gitignore
		LICENSE.txt = LICENSE.txt
		README.md = README.md
		testEnvironments.json = testEnvironments.json
	EndProjectSection
EndProject
Project("{FAE04EC0-301F-11D3-BF4B-00C04F79EFBC}") = "Sdcb.Arithmetic.Gmp", "src\Sdcb.Arithmetic.Gmp\Sdcb.Arithmetic.Gmp.csproj", "{E6225FBC-9E9A-4F58-AAED-5EFFB4EED18F}"
EndProject
Project("{FAE04EC0-301F-11D3-BF4B-00C04F79EFBC}") = "Sdcb.Arithmetic.Gmp.Tests", "src\Sdcb.Arithmetic.Gmp.Tests\Sdcb.Arithmetic.Gmp.Tests.csproj", "{DD5571E6-053D-46C3-8296-8405FDBFCE9B}"
EndProject
Project("{FAE04EC0-301F-11D3-BF4B-00C04F79EFBC}") = "Sdcb.Arithmetic.Mpfr", "src\Sdcb.Arithmetic.Mpfr\Sdcb.Arithmetic.Mpfr.csproj", "{D2E8FDF4-F9F0-4186-BEBE-6869C17FD635}"
EndProject
Project("{FAE04EC0-301F-11D3-BF4B-00C04F79EFBC}") = "Sdcb.Arithmetic.Mpfr.Tests", "src\Sdcb.Arithmetic.Mpfr.Tests\Sdcb.Arithmetic.Mpfr.Tests.csproj", "{983AB1BC-4643-4C19-AD80-AE3CA5C0F6E4}"
EndProject
Project("{2150E333-8FDC-42A3-9474-1A3956D46DE8}") = "github-workflows", "github-workflows", "{D77F2CC3-07A7-4C30-900F-D1D804946185}"
	ProjectSection(SolutionItems) = preProject
		.github\workflows\build-all.yml = .github\workflows\build-all.yml
		.github\workflows\build.yml = .github\workflows\build.yml
		.github\workflows\factorial_gmp.c = .github\workflows\factorial_gmp.c
		.github\workflows\pi_mpfr.c = .github\workflows\pi_mpfr.c
		.github\workflows\test-nuget.yml = .github\workflows\test-nuget.yml
	EndProjectSection
EndProject
Global
	GlobalSection(SolutionConfigurationPlatforms) = preSolution
		Debug|Any CPU = Debug|Any CPU
		Release|Any CPU = Release|Any CPU
	EndGlobalSection
	GlobalSection(ProjectConfigurationPlatforms) = postSolution
		{E6225FBC-9E9A-4F58-AAED-5EFFB4EED18F}.Debug|Any CPU.ActiveCfg = Debug|Any CPU
		{E6225FBC-9E9A-4F58-AAED-5EFFB4EED18F}.Debug|Any CPU.Build.0 = Debug|Any CPU
		{E6225FBC-9E9A-4F58-AAED-5EFFB4EED18F}.Release|Any CPU.ActiveCfg = Release|Any CPU
		{E6225FBC-9E9A-4F58-AAED-5EFFB4EED18F}.Release|Any CPU.Build.0 = Release|Any CPU
		{DD5571E6-053D-46C3-8296-8405FDBFCE9B}.Debug|Any CPU.ActiveCfg = Debug|Any CPU
		{DD5571E6-053D-46C3-8296-8405FDBFCE9B}.Debug|Any CPU.Build.0 = Debug|Any CPU
		{DD5571E6-053D-46C3-8296-8405FDBFCE9B}.Release|Any CPU.ActiveCfg = Release|Any CPU
		{DD5571E6-053D-46C3-8296-8405FDBFCE9B}.Release|Any CPU.Build.0 = Release|Any CPU
		{D2E8FDF4-F9F0-4186-BEBE-6869C17FD635}.Debug|Any CPU.ActiveCfg = Debug|Any CPU
		{D2E8FDF4-F9F0-4186-BEBE-6869C17FD635}.Debug|Any CPU.Build.0 = Debug|Any CPU
		{D2E8FDF4-F9F0-4186-BEBE-6869C17FD635}.Release|Any CPU.ActiveCfg = Release|Any CPU
		{D2E8FDF4-F9F0-4186-BEBE-6869C17FD635}.Release|Any CPU.Build.0 = Release|Any CPU
		{983AB1BC-4643-4C19-AD80-AE3CA5C0F6E4}.Debug|Any CPU.ActiveCfg = Debug|Any CPU
		{983AB1BC-4643-4C19-AD80-AE3CA5C0F6E4}.Debug|Any CPU.Build.0 = Debug|Any CPU
		{983AB1BC-4643-4C19-AD80-AE3CA5C0F6E4}.Release|Any CPU.ActiveCfg = Release|Any CPU
		{983AB1BC-4643-4C19-AD80-AE3CA5C0F6E4}.Release|Any CPU.Build.0 = Release|Any CPU
	EndGlobalSection
	GlobalSection(SolutionProperties) = preSolution
		HideSolutionNode = FALSE
	EndGlobalSection
	GlobalSection(ExtensibilityGlobals) = postSolution
		SolutionGuid = {17931345-34F0-47DF-A81E-2606AA10164D}
	EndGlobalSection
EndGlobal
